
Microsoft Visual Studio Solution File, Format Version 12.00
# Visual Studio Version 16
VisualStudioVersion = 16.0.30717.126
MinimumVisualStudioVersion = 10.0.40219.1
Project("{FAE04EC0-301F-11D3-BF4B-00C04F79EFBC}") = "Lawn_Mow_App", "Lawn_Mow_App.csproj", "{31967902-786D-4C1C-BE4E-5F1F19584740}"
EndProject
Global
	GlobalSection(SolutionConfigurationPlatforms) = preSolution
		Debug|Any CPU = Debug|Any CPU
		Release|Any CPU = Release|Any CPU
	EndGlobalSection
	GlobalSection(ProjectConfigurationPlatforms) = postSolution
		{31967902-786D-4C1C-BE4E-5F1F19584740}.Debug|Any CPU.ActiveCfg = Debug|Any CPU
		{31967902-786D-4C1C-BE4E-5F1F19584740}.Debug|Any CPU.Build.0 = Debug|Any CPU
		{31967902-786D-4C1C-BE4E-5F1F19584740}.Release|Any CPU.ActiveCfg = Release|Any CPU
		{31967902-786D-4C1C-BE4E-5F1F19584740}.Release|Any CPU.Build.0 = Release|Any CPU
	EndGlobalSection
	GlobalSection(SolutionProperties) = preSolution
		HideSolutionNode = FALSE
	EndGlobalSection
	GlobalSection(ExtensibilityGlobals) = postSolution
		SolutionGuid = {775DF16C-0293-4CCB-A1B2-04E9D2CA0AF8}
	EndGlobalSection
EndGlobal
